
Microsoft Visual Studio Solution File, Format Version 12.00
# Visual Studio Version 16
VisualStudioVersion = 16.0.31624.102
MinimumVisualStudioVersion = 10.0.40219.1
Project("{8BC9CEB8-8B4A-11D0-8D11-00A0C91BC942}") = "Signals_And_System", "Signals_And_System\Signals_And_System.vcxproj", "{C11A8BE4-EB49-4E41-A4A1-14401B0248FB}"
EndProject
Global
	GlobalSection(SolutionConfigurationPlatforms) = preSolution
		Debug|x64 = Debug|x64
		Debug|x86 = Debug|x86
		Release|x64 = Release|x64
		Release|x86 = Release|x86
	EndGlobalSection
	GlobalSection(ProjectConfigurationPlatforms) = postSolution
		{C11A8BE4-EB49-4E41-A4A1-14401B0248FB}.Debug|x64.ActiveCfg = Debug|x64
		{C11A8BE4-EB49-4E41-A4A1-14401B0248FB}.Debug|x64.Build.0 = Debug|x64
		{C11A8BE4-EB49-4E41-A4A1-14401B0248FB}.Debug|x86.ActiveCfg = Debug|Win32
		{C11A8BE4-EB49-4E41-A4A1-14401B0248FB}.Debug|x86.Build.0 = Debug|Win32
		{C11A8BE4-EB49-4E41-A4A1-14401B0248FB}.Release|x64.ActiveCfg = Release|x64
		{C11A8BE4-EB49-4E41-A4A1-14401B0248FB}.Release|x64.Build.0 = Release|x64
		{C11A8BE4-EB49-4E41-A4A1-14401B0248FB}.Release|x86.ActiveCfg = Release|Win32
		{C11A8BE4-EB49-4E41-A4A1-14401B0248FB}.Release|x86.Build.0 = Release|Win32
	EndGlobalSection
	GlobalSection(SolutionProperties) = preSolution
		HideSolutionNode = FALSE
	EndGlobalSection
	GlobalSection(ExtensibilityGlobals) = postSolution
		SolutionGuid = {D14A8E17-E53C-46D9-A72F-4218C6991C69}
	EndGlobalSection
EndGlobal
